
Microsoft Visual Studio Solution File, Format Version 12.00
# Visual Studio Version 16
VisualStudioVersion = 16.0.29230.47
MinimumVisualStudioVersion = 10.0.40219.1
Project("{FAE04EC0-301F-11D3-BF4B-00C04F79EFBC}") = "GraphQLTest", "GraphQLTest\GraphQLTest.csproj", "{9D712262-C3E2-4609-8563-5402E781F0B4}"
EndProject
Global
	GlobalSection(SolutionConfigurationPlatforms) = preSolution
		Debug|Any CPU = Debug|Any CPU
		Release|Any CPU = Release|Any CPU
	EndGlobalSection
	GlobalSection(ProjectConfigurationPlatforms) = postSolution
		{9D712262-C3E2-4609-8563-5402E781F0B4}.Debug|Any CPU.ActiveCfg = Debug|Any CPU
		{9D712262-C3E2-4609-8563-5402E781F0B4}.Debug|Any CPU.Build.0 = Debug|Any CPU
		{9D712262-C3E2-4609-8563-5402E781F0B4}.Release|Any CPU.ActiveCfg = Release|Any CPU
		{9D712262-C3E2-4609-8563-5402E781F0B4}.Release|Any CPU.Build.0 = Release|Any CPU
	EndGlobalSection
	GlobalSection(SolutionProperties) = preSolution
		HideSolutionNode = FALSE
	EndGlobalSection
	GlobalSection(ExtensibilityGlobals) = postSolution
		SolutionGuid = {AC495D1F-79FB-4B9E-BC6A-8549FC624E9C}
	EndGlobalSection
EndGlobal
